
Microsoft Visual Studio Solution File, Format Version 12.00
# Visual Studio Version 17
VisualStudioVersion = 17.4.33213.308
MinimumVisualStudioVersion = 10.0.40219.1
Project("{FAE04EC0-301F-11D3-BF4B-00C04F79EFBC}") = "Persistens", "1\Persistens.csproj", "{92DE0BAB-1181-46AD-A834-CEB31D10325A}"
EndProject
Project("{FAE04EC0-301F-11D3-BF4B-00C04F79EFBC}") = "PersistensTest", "PersistensTest\PersistensTest.csproj", "{6E4F5260-B32A-4A61-AC74-99168B35D3C5}"
EndProject
Global
	GlobalSection(SolutionConfigurationPlatforms) = preSolution
		Debug|Any CPU = Debug|Any CPU
		Release|Any CPU = Release|Any CPU
	EndGlobalSection
	GlobalSection(ProjectConfigurationPlatforms) = postSolution
		{92DE0BAB-1181-46AD-A834-CEB31D10325A}.Debug|Any CPU.ActiveCfg = Debug|Any CPU
		{92DE0BAB-1181-46AD-A834-CEB31D10325A}.Debug|Any CPU.Build.0 = Debug|Any CPU
		{92DE0BAB-1181-46AD-A834-CEB31D10325A}.Release|Any CPU.ActiveCfg = Release|Any CPU
		{92DE0BAB-1181-46AD-A834-CEB31D10325A}.Release|Any CPU.Build.0 = Release|Any CPU
		{6E4F5260-B32A-4A61-AC74-99168B35D3C5}.Debug|Any CPU.ActiveCfg = Debug|Any CPU
		{6E4F5260-B32A-4A61-AC74-99168B35D3C5}.Debug|Any CPU.Build.0 = Debug|Any CPU
		{6E4F5260-B32A-4A61-AC74-99168B35D3C5}.Release|Any CPU.ActiveCfg = Release|Any CPU
		{6E4F5260-B32A-4A61-AC74-99168B35D3C5}.Release|Any CPU.Build.0 = Release|Any CPU
	EndGlobalSection
	GlobalSection(SolutionProperties) = preSolution
		HideSolutionNode = FALSE
	EndGlobalSection
	GlobalSection(ExtensibilityGlobals) = postSolution
		SolutionGuid = {F9A37F6A-534F-45D0-AB87-08CAFEA563DF}
	EndGlobalSection
EndGlobal
