
Microsoft Visual Studio Solution File, Format Version 12.00
# Visual Studio Version 17
VisualStudioVersion = 17.4.33213.308
MinimumVisualStudioVersion = 10.0.40219.1
Project("{9A19103F-16F7-4668-BE54-9A1E7A4F7556}") = "ex04", "ex04\ex04.csproj", "{A466180E-4695-462B-84C3-7E06664E691B}"
EndProject
Project("{9A19103F-16F7-4668-BE54-9A1E7A4F7556}") = "2_12", "2_12\2_12.csproj", "{51E52C1D-E4A2-4BCC-A03F-F8B78FDD6E51}"
EndProject
Project("{9A19103F-16F7-4668-BE54-9A1E7A4F7556}") = "2_9", "2_9\2_9.csproj", "{57B152C9-B93D-49AA-A7F2-A7AF0AC23515}"
EndProject
Project("{9A19103F-16F7-4668-BE54-9A1E7A4F7556}") = "2_10", "2_10\2_10.csproj", "{5D2219F6-2CF1-42AE-9747-5BC62158BA1E}"
EndProject
Project("{9A19103F-16F7-4668-BE54-9A1E7A4F7556}") = "2_11", "2_11\2_11.csproj", "{968EC222-71EC-4063-AB9E-FD63BEB4DE54}"
EndProject
Global
	GlobalSection(SolutionConfigurationPlatforms) = preSolution
		Debug|Any CPU = Debug|Any CPU
		Release|Any CPU = Release|Any CPU
	EndGlobalSection
	GlobalSection(ProjectConfigurationPlatforms) = postSolution
		{A466180E-4695-462B-84C3-7E06664E691B}.Debug|Any CPU.ActiveCfg = Debug|Any CPU
		{A466180E-4695-462B-84C3-7E06664E691B}.Debug|Any CPU.Build.0 = Debug|Any CPU
		{A466180E-4695-462B-84C3-7E06664E691B}.Release|Any CPU.ActiveCfg = Release|Any CPU
		{A466180E-4695-462B-84C3-7E06664E691B}.Release|Any CPU.Build.0 = Release|Any CPU
		{51E52C1D-E4A2-4BCC-A03F-F8B78FDD6E51}.Debug|Any CPU.ActiveCfg = Debug|Any CPU
		{51E52C1D-E4A2-4BCC-A03F-F8B78FDD6E51}.Debug|Any CPU.Build.0 = Debug|Any CPU
		{51E52C1D-E4A2-4BCC-A03F-F8B78FDD6E51}.Release|Any CPU.ActiveCfg = Release|Any CPU
		{51E52C1D-E4A2-4BCC-A03F-F8B78FDD6E51}.Release|Any CPU.Build.0 = Release|Any CPU
		{57B152C9-B93D-49AA-A7F2-A7AF0AC23515}.Debug|Any CPU.ActiveCfg = Debug|Any CPU
		{57B152C9-B93D-49AA-A7F2-A7AF0AC23515}.Debug|Any CPU.Build.0 = Debug|Any CPU
		{57B152C9-B93D-49AA-A7F2-A7AF0AC23515}.Release|Any CPU.ActiveCfg = Release|Any CPU
		{57B152C9-B93D-49AA-A7F2-A7AF0AC23515}.Release|Any CPU.Build.0 = Release|Any CPU
		{5D2219F6-2CF1-42AE-9747-5BC62158BA1E}.Debug|Any CPU.ActiveCfg = Debug|Any CPU
		{5D2219F6-2CF1-42AE-9747-5BC62158BA1E}.Debug|Any CPU.Build.0 = Debug|Any CPU
		{5D2219F6-2CF1-42AE-9747-5BC62158BA1E}.Release|Any CPU.ActiveCfg = Release|Any CPU
		{5D2219F6-2CF1-42AE-9747-5BC62158BA1E}.Release|Any CPU.Build.0 = Release|Any CPU
		{968EC222-71EC-4063-AB9E-FD63BEB4DE54}.Debug|Any CPU.ActiveCfg = Debug|Any CPU
		{968EC222-71EC-4063-AB9E-FD63BEB4DE54}.Debug|Any CPU.Build.0 = Debug|Any CPU
		{968EC222-71EC-4063-AB9E-FD63BEB4DE54}.Release|Any CPU.ActiveCfg = Release|Any CPU
		{968EC222-71EC-4063-AB9E-FD63BEB4DE54}.Release|Any CPU.Build.0 = Release|Any CPU
	EndGlobalSection
	GlobalSection(SolutionProperties) = preSolution
		HideSolutionNode = FALSE
	EndGlobalSection
	GlobalSection(ExtensibilityGlobals) = postSolution
		SolutionGuid = {BCBCB64D-4277-4302-9C17-D7277A923291}
	EndGlobalSection
EndGlobal
