
Microsoft Visual Studio Solution File, Format Version 12.00
# Visual Studio Version 17
VisualStudioVersion = 17.4.33213.308
MinimumVisualStudioVersion = 10.0.40219.1
Project("{9A19103F-16F7-4668-BE54-9A1E7A4F7556}") = "Persistens", "Persistens.csproj", "{1EC16CD3-DA2A-4E3D-A329-A2B094213CCC}"
EndProject
Project("{9A19103F-16F7-4668-BE54-9A1E7A4F7556}") = "PersistensTest", "..\PersistensTest\PersistensTest.csproj", "{45BA9F82-EA32-44AD-B92E-9F76D15D038A}"
EndProject
Global
	GlobalSection(SolutionConfigurationPlatforms) = preSolution
		Debug|Any CPU = Debug|Any CPU
		Release|Any CPU = Release|Any CPU
	EndGlobalSection
	GlobalSection(ProjectConfigurationPlatforms) = postSolution
		{1EC16CD3-DA2A-4E3D-A329-A2B094213CCC}.Debug|Any CPU.ActiveCfg = Debug|Any CPU
		{1EC16CD3-DA2A-4E3D-A329-A2B094213CCC}.Debug|Any CPU.Build.0 = Debug|Any CPU
		{1EC16CD3-DA2A-4E3D-A329-A2B094213CCC}.Release|Any CPU.ActiveCfg = Release|Any CPU
		{1EC16CD3-DA2A-4E3D-A329-A2B094213CCC}.Release|Any CPU.Build.0 = Release|Any CPU
		{45BA9F82-EA32-44AD-B92E-9F76D15D038A}.Debug|Any CPU.ActiveCfg = Debug|Any CPU
		{45BA9F82-EA32-44AD-B92E-9F76D15D038A}.Debug|Any CPU.Build.0 = Debug|Any CPU
		{45BA9F82-EA32-44AD-B92E-9F76D15D038A}.Release|Any CPU.ActiveCfg = Release|Any CPU
		{45BA9F82-EA32-44AD-B92E-9F76D15D038A}.Release|Any CPU.Build.0 = Release|Any CPU
	EndGlobalSection
	GlobalSection(SolutionProperties) = preSolution
		HideSolutionNode = FALSE
	EndGlobalSection
	GlobalSection(ExtensibilityGlobals) = postSolution
		SolutionGuid = {5F9F34E7-ABC9-41C0-A739-CBCEE6E5AA46}
	EndGlobalSection
EndGlobal
