
Microsoft Visual Studio Solution File, Format Version 12.00
# Visual Studio Version 17
VisualStudioVersion = 17.4.33213.308
MinimumVisualStudioVersion = 10.0.40219.1
Project("{9A19103F-16F7-4668-BE54-9A1E7A4F7556}") = "Lommeregner", "Lommeregner\Lommeregner.csproj", "{438C2D3A-39EF-4C01-9E1E-808E2815807F}"
EndProject
Project("{FAE04EC0-301F-11D3-BF4B-00C04F79EFBC}") = "LommeregnerTest", "LommeregnerTest\LommeregnerTest.csproj", "{C10BAB50-34BC-42D5-A671-D5D629725EE0}"
EndProject
Global
	GlobalSection(SolutionConfigurationPlatforms) = preSolution
		Debug|Any CPU = Debug|Any CPU
		Release|Any CPU = Release|Any CPU
	EndGlobalSection
	GlobalSection(ProjectConfigurationPlatforms) = postSolution
		{438C2D3A-39EF-4C01-9E1E-808E2815807F}.Debug|Any CPU.ActiveCfg = Debug|Any CPU
		{438C2D3A-39EF-4C01-9E1E-808E2815807F}.Debug|Any CPU.Build.0 = Debug|Any CPU
		{438C2D3A-39EF-4C01-9E1E-808E2815807F}.Release|Any CPU.ActiveCfg = Release|Any CPU
		{438C2D3A-39EF-4C01-9E1E-808E2815807F}.Release|Any CPU.Build.0 = Release|Any CPU
		{C10BAB50-34BC-42D5-A671-D5D629725EE0}.Debug|Any CPU.ActiveCfg = Debug|Any CPU
		{C10BAB50-34BC-42D5-A671-D5D629725EE0}.Debug|Any CPU.Build.0 = Debug|Any CPU
		{C10BAB50-34BC-42D5-A671-D5D629725EE0}.Release|Any CPU.ActiveCfg = Release|Any CPU
		{C10BAB50-34BC-42D5-A671-D5D629725EE0}.Release|Any CPU.Build.0 = Release|Any CPU
	EndGlobalSection
	GlobalSection(SolutionProperties) = preSolution
		HideSolutionNode = FALSE
	EndGlobalSection
	GlobalSection(ExtensibilityGlobals) = postSolution
		SolutionGuid = {5EDCF097-7C5B-40FA-8367-52B245EE4C02}
	EndGlobalSection
EndGlobal
