
Microsoft Visual Studio Solution File, Format Version 12.00
# Visual Studio Version 17
VisualStudioVersion = 17.5.33530.505
MinimumVisualStudioVersion = 10.0.40219.1
Project("{FAE04EC0-301F-11D3-BF4B-00C04F79EFBC}") = "WPFAndMVVM1", "WPFAndMVVM1\WPFAndMVVM1.csproj", "{DC8BED92-FEA7-4106-B5CC-E74701B78B47}"
EndProject
Global
	GlobalSection(SolutionConfigurationPlatforms) = preSolution
		Debug|Any CPU = Debug|Any CPU
		Release|Any CPU = Release|Any CPU
	EndGlobalSection
	GlobalSection(ProjectConfigurationPlatforms) = postSolution
		{DC8BED92-FEA7-4106-B5CC-E74701B78B47}.Debug|Any CPU.ActiveCfg = Debug|Any CPU
		{DC8BED92-FEA7-4106-B5CC-E74701B78B47}.Debug|Any CPU.Build.0 = Debug|Any CPU
		{DC8BED92-FEA7-4106-B5CC-E74701B78B47}.Release|Any CPU.ActiveCfg = Release|Any CPU
		{DC8BED92-FEA7-4106-B5CC-E74701B78B47}.Release|Any CPU.Build.0 = Release|Any CPU
	EndGlobalSection
	GlobalSection(SolutionProperties) = preSolution
		HideSolutionNode = FALSE
	EndGlobalSection
	GlobalSection(ExtensibilityGlobals) = postSolution
		SolutionGuid = {1EA3CA06-F207-4AEF-AEDD-FD7D5C3B35DE}
	EndGlobalSection
EndGlobal
