
Microsoft Visual Studio Solution File, Format Version 12.00
# Visual Studio Version 17
VisualStudioVersion = 17.5.33530.505
MinimumVisualStudioVersion = 10.0.40219.1
Project("{9A19103F-16F7-4668-BE54-9A1E7A4F7556}") = "ObserverPatternEX31", "ObserverPatternEX31\ObserverPatternEX31.csproj", "{4FBE5D70-04D5-45C2-93C7-D31A7144A2A3}"
EndProject
Project("{9A19103F-16F7-4668-BE54-9A1E7A4F7556}") = "ObserverTest", "ObserverTest\ObserverTest.csproj", "{A4763679-A64C-4CA4-A50F-ABEA03F1FD1E}"
EndProject
Project("{FAE04EC0-301F-11D3-BF4B-00C04F79EFBC}") = "EX31øvelse4", "EX31øvelse4\EX31øvelse4.csproj", "{276802D8-D917-4487-9DE6-181EF40C580A}"
EndProject
Global
	GlobalSection(SolutionConfigurationPlatforms) = preSolution
		Debug|Any CPU = Debug|Any CPU
		Release|Any CPU = Release|Any CPU
	EndGlobalSection
	GlobalSection(ProjectConfigurationPlatforms) = postSolution
		{4FBE5D70-04D5-45C2-93C7-D31A7144A2A3}.Debug|Any CPU.ActiveCfg = Debug|Any CPU
		{4FBE5D70-04D5-45C2-93C7-D31A7144A2A3}.Debug|Any CPU.Build.0 = Debug|Any CPU
		{4FBE5D70-04D5-45C2-93C7-D31A7144A2A3}.Release|Any CPU.ActiveCfg = Release|Any CPU
		{4FBE5D70-04D5-45C2-93C7-D31A7144A2A3}.Release|Any CPU.Build.0 = Release|Any CPU
		{A4763679-A64C-4CA4-A50F-ABEA03F1FD1E}.Debug|Any CPU.ActiveCfg = Debug|Any CPU
		{A4763679-A64C-4CA4-A50F-ABEA03F1FD1E}.Debug|Any CPU.Build.0 = Debug|Any CPU
		{A4763679-A64C-4CA4-A50F-ABEA03F1FD1E}.Release|Any CPU.ActiveCfg = Release|Any CPU
		{A4763679-A64C-4CA4-A50F-ABEA03F1FD1E}.Release|Any CPU.Build.0 = Release|Any CPU
		{276802D8-D917-4487-9DE6-181EF40C580A}.Debug|Any CPU.ActiveCfg = Debug|Any CPU
		{276802D8-D917-4487-9DE6-181EF40C580A}.Debug|Any CPU.Build.0 = Debug|Any CPU
		{276802D8-D917-4487-9DE6-181EF40C580A}.Release|Any CPU.ActiveCfg = Release|Any CPU
		{276802D8-D917-4487-9DE6-181EF40C580A}.Release|Any CPU.Build.0 = Release|Any CPU
	EndGlobalSection
	GlobalSection(SolutionProperties) = preSolution
		HideSolutionNode = FALSE
	EndGlobalSection
	GlobalSection(ExtensibilityGlobals) = postSolution
		SolutionGuid = {5D5FAF11-0374-4C0C-A8A9-26D60A448311}
	EndGlobalSection
EndGlobal
