
Microsoft Visual Studio Solution File, Format Version 12.00
# Visual Studio Version 17
VisualStudioVersion = 17.5.33530.505
MinimumVisualStudioVersion = 10.0.40219.1
Project("{FAE04EC0-301F-11D3-BF4B-00C04F79EFBC}") = "TusindfrydWPF", "TusindfrydWPF\TusindfrydWPF.csproj", "{51945FED-FA42-4953-8F7F-C42243DC63A8}"
EndProject
Global
	GlobalSection(SolutionConfigurationPlatforms) = preSolution
		Debug|Any CPU = Debug|Any CPU
		Release|Any CPU = Release|Any CPU
	EndGlobalSection
	GlobalSection(ProjectConfigurationPlatforms) = postSolution
		{51945FED-FA42-4953-8F7F-C42243DC63A8}.Debug|Any CPU.ActiveCfg = Debug|Any CPU
		{51945FED-FA42-4953-8F7F-C42243DC63A8}.Debug|Any CPU.Build.0 = Debug|Any CPU
		{51945FED-FA42-4953-8F7F-C42243DC63A8}.Release|Any CPU.ActiveCfg = Release|Any CPU
		{51945FED-FA42-4953-8F7F-C42243DC63A8}.Release|Any CPU.Build.0 = Release|Any CPU
	EndGlobalSection
	GlobalSection(SolutionProperties) = preSolution
		HideSolutionNode = FALSE
	EndGlobalSection
	GlobalSection(ExtensibilityGlobals) = postSolution
		SolutionGuid = {1D039BDD-EC75-4EA4-9CE9-6D610EE7ABB0}
	EndGlobalSection
EndGlobal
