
Microsoft Visual Studio Solution File, Format Version 12.00
# Visual Studio Version 17
VisualStudioVersion = 17.4.33213.308
MinimumVisualStudioVersion = 10.0.40219.1
Project("{FAE04EC0-301F-11D3-BF4B-00C04F79EFBC}") = "SimpleBank", "SimpleBank\SimpleBank.csproj", "{D8501946-EC43-418B-89D8-5886B47C2077}"
EndProject
Project("{FAE04EC0-301F-11D3-BF4B-00C04F79EFBC}") = "SimpleBankTest", "SimpleBankTest\SimpleBankTest.csproj", "{94C4B7FD-9657-414C-8BF0-9ADE14A33AAA}"
EndProject
Global
	GlobalSection(SolutionConfigurationPlatforms) = preSolution
		Debug|Any CPU = Debug|Any CPU
		Release|Any CPU = Release|Any CPU
	EndGlobalSection
	GlobalSection(ProjectConfigurationPlatforms) = postSolution
		{D8501946-EC43-418B-89D8-5886B47C2077}.Debug|Any CPU.ActiveCfg = Debug|Any CPU
		{D8501946-EC43-418B-89D8-5886B47C2077}.Debug|Any CPU.Build.0 = Debug|Any CPU
		{D8501946-EC43-418B-89D8-5886B47C2077}.Release|Any CPU.ActiveCfg = Release|Any CPU
		{D8501946-EC43-418B-89D8-5886B47C2077}.Release|Any CPU.Build.0 = Release|Any CPU
		{94C4B7FD-9657-414C-8BF0-9ADE14A33AAA}.Debug|Any CPU.ActiveCfg = Debug|Any CPU
		{94C4B7FD-9657-414C-8BF0-9ADE14A33AAA}.Debug|Any CPU.Build.0 = Debug|Any CPU
		{94C4B7FD-9657-414C-8BF0-9ADE14A33AAA}.Release|Any CPU.ActiveCfg = Release|Any CPU
		{94C4B7FD-9657-414C-8BF0-9ADE14A33AAA}.Release|Any CPU.Build.0 = Release|Any CPU
	EndGlobalSection
	GlobalSection(SolutionProperties) = preSolution
		HideSolutionNode = FALSE
	EndGlobalSection
	GlobalSection(ExtensibilityGlobals) = postSolution
		SolutionGuid = {517C6682-6E1A-4B36-B398-5D2F7F93E8DC}
	EndGlobalSection
EndGlobal
