
Microsoft Visual Studio Solution File, Format Version 12.00
# Visual Studio Version 17
VisualStudioVersion = 17.4.33213.308
MinimumVisualStudioVersion = 10.0.40219.1
Project("{FAE04EC0-301F-11D3-BF4B-00C04F79EFBC}") = "ex03", "ex03\ex03.csproj", "{CCB39C52-8040-436B-96AF-DD88A651151E}"
EndProject
Global
	GlobalSection(SolutionConfigurationPlatforms) = preSolution
		Debug|Any CPU = Debug|Any CPU
		Release|Any CPU = Release|Any CPU
	EndGlobalSection
	GlobalSection(ProjectConfigurationPlatforms) = postSolution
		{CCB39C52-8040-436B-96AF-DD88A651151E}.Debug|Any CPU.ActiveCfg = Debug|Any CPU
		{CCB39C52-8040-436B-96AF-DD88A651151E}.Debug|Any CPU.Build.0 = Debug|Any CPU
		{CCB39C52-8040-436B-96AF-DD88A651151E}.Release|Any CPU.ActiveCfg = Release|Any CPU
		{CCB39C52-8040-436B-96AF-DD88A651151E}.Release|Any CPU.Build.0 = Release|Any CPU
	EndGlobalSection
	GlobalSection(SolutionProperties) = preSolution
		HideSolutionNode = FALSE
	EndGlobalSection
	GlobalSection(ExtensibilityGlobals) = postSolution
		SolutionGuid = {FC99666C-6C97-45FE-9DE2-841F2F975798}
	EndGlobalSection
EndGlobal
