
Microsoft Visual Studio Solution File, Format Version 12.00
# Visual Studio Version 17
VisualStudioVersion = 17.5.33530.505
MinimumVisualStudioVersion = 10.0.40219.1
Project("{FAE04EC0-301F-11D3-BF4B-00C04F79EFBC}") = "WPFSimpleGUI", "WPFSimpleGUI\WPFSimpleGUI.csproj", "{44DD518C-F39F-4D26-AF47-2D02E26C3D0E}"
EndProject
Global
	GlobalSection(SolutionConfigurationPlatforms) = preSolution
		Debug|Any CPU = Debug|Any CPU
		Release|Any CPU = Release|Any CPU
	EndGlobalSection
	GlobalSection(ProjectConfigurationPlatforms) = postSolution
		{44DD518C-F39F-4D26-AF47-2D02E26C3D0E}.Debug|Any CPU.ActiveCfg = Debug|Any CPU
		{44DD518C-F39F-4D26-AF47-2D02E26C3D0E}.Debug|Any CPU.Build.0 = Debug|Any CPU
		{44DD518C-F39F-4D26-AF47-2D02E26C3D0E}.Release|Any CPU.ActiveCfg = Release|Any CPU
		{44DD518C-F39F-4D26-AF47-2D02E26C3D0E}.Release|Any CPU.Build.0 = Release|Any CPU
	EndGlobalSection
	GlobalSection(SolutionProperties) = preSolution
		HideSolutionNode = FALSE
	EndGlobalSection
	GlobalSection(ExtensibilityGlobals) = postSolution
		SolutionGuid = {84D3BBF4-3B51-47F7-AA72-95E3B2099F79}
	EndGlobalSection
EndGlobal
